
Microsoft Visual Studio Solution File, Format Version 12.00
# Visual Studio Version 16
VisualStudioVersion = 16.0.30330.147
MinimumVisualStudioVersion = 10.0.40219.1
Project("{FAE04EC0-301F-11D3-BF4B-00C04F79EFBC}") = "StackExchangeApiTestExamples", "StackExchangeApiTestExamples\StackExchangeApiTestExamples.csproj", "{3D92D770-7951-4CF9-B50D-27C28E5A5130}"
EndProject
Global
	GlobalSection(SolutionConfigurationPlatforms) = preSolution
		Debug|Any CPU = Debug|Any CPU
		Release|Any CPU = Release|Any CPU
	EndGlobalSection
	GlobalSection(ProjectConfigurationPlatforms) = postSolution
		{3D92D770-7951-4CF9-B50D-27C28E5A5130}.Debug|Any CPU.ActiveCfg = Debug|Any CPU
		{3D92D770-7951-4CF9-B50D-27C28E5A5130}.Debug|Any CPU.Build.0 = Debug|Any CPU
		{3D92D770-7951-4CF9-B50D-27C28E5A5130}.Release|Any CPU.ActiveCfg = Release|Any CPU
		{3D92D770-7951-4CF9-B50D-27C28E5A5130}.Release|Any CPU.Build.0 = Release|Any CPU
	EndGlobalSection
	GlobalSection(SolutionProperties) = preSolution
		HideSolutionNode = FALSE
	EndGlobalSection
	GlobalSection(ExtensibilityGlobals) = postSolution
		SolutionGuid = {2D13CF72-B57C-4DA9-9DFB-DF7FF4DB6690}
	EndGlobalSection
EndGlobal
